// !$*UTF8*$!
{
	archiveVersion = 1;
	classes = {
	};
	objectVersion = 56;
	objects = {

/* Begin PBXBuildFile section */
		1FF0ED002E2906020082BA73 /* APIEndpoint.swift in Sources */ = {isa = PBXBuildFile; fileRef = 1FF0ECFF2E2906020082BA73 /* APIEndpoint.swift */; };
		1FF0EDBB2E2906960082BA73 /* NetworkError.swift in Sources */ = {isa = PBXBuildFile; fileRef = 1FF0EDBA2E2906960082BA73 /* NetworkError.swift */; };
		1FF0EDBD2E2906AA0082BA73 /* NetworkService.swift in Sources */ = {isa = PBXBuildFile; fileRef = 1FF0EDBC2E2906AA0082BA73 /* NetworkService.swift */; };
		1FF0EDC02E2906E00082BA73 /* NetworkProtocol.swift in Sources */ = {isa = PBXBuildFile; fileRef = 1FF0EDBF2E2906E00082BA73 /* NetworkProtocol.swift */; };
		1FF0EDC52E29363E0082BA73 /* Model.xcdatamodeld in Sources */ = {isa = PBXBuildFile; fileRef = 1FF0EDC32E29363E0082BA73 /* Model.xcdatamodeld */; };
		1FF0EDC92E2937F50082BA73 /* Event.swift in Sources */ = {isa = PBXBuildFile; fileRef = 1FF0EDC72E2937F50082BA73 /* Event.swift */; };
		1FF0EDCF2E2938EA0082BA73 /* MappingProtocol.swift in Sources */ = {isa = PBXBuildFile; fileRef = 1FF0EDCE2E2938EA0082BA73 /* MappingProtocol.swift */; };
		1FF0EDD12E2938F90082BA73 /* EventsMapping.swift in Sources */ = {isa = PBXBuildFile; fileRef = 1FF0EDD02E2938F90082BA73 /* EventsMapping.swift */; };
		1FF0EDD52E2939400082BA73 /* Alamofire in Frameworks */ = {isa = PBXBuildFile; productRef = 1FF0EDD42E2939400082BA73 /* Alamofire */; };
		1FF0EDD72E293A4B0082BA73 /* EventModel.swift in Sources */ = {isa = PBXBuildFile; fileRef = 1FF0EDD62E293A4B0082BA73 /* EventModel.swift */; };
		1FF0EDDC2E294CDB0082BA73 /* ManagerProtocol.swift in Sources */ = {isa = PBXBuildFile; fileRef = 1FF0EDDB2E294CDB0082BA73 /* ManagerProtocol.swift */; };
		1FF0EDDE2E294D090082BA73 /* EventManager.swift in Sources */ = {isa = PBXBuildFile; fileRef = 1FF0EDDD2E294D090082BA73 /* EventManager.swift */; };
		1FF0EDE22E294E0A0082BA73 /* MappableProtocol.swift in Sources */ = {isa = PBXBuildFile; fileRef = 1FF0EDE12E294E0A0082BA73 /* MappableProtocol.swift */; };
		CE997CDB2E28E8D2005B620D /* NotificationItem.swift in Sources */ = {isa = PBXBuildFile; fileRef = CE997CDA2E28E8CC005B620D /* NotificationItem.swift */; };
		CE997CDD2E28E8E5005B620D /* NotificationsViewModel.swift in Sources */ = {isa = PBXBuildFile; fileRef = CE997CDC2E28E8E3005B620D /* NotificationsViewModel.swift */; };
		CE997CDF2E28E8F3005B620D /* NotificationsView.swift in Sources */ = {isa = PBXBuildFile; fileRef = CE997CDE2E28E8F2005B620D /* NotificationsView.swift */; };
		CE997CE12E28E90F005B620D /* NotificationCellView.swift in Sources */ = {isa = PBXBuildFile; fileRef = CE997CE02E28E901005B620D /* NotificationCellView.swift */; };
		CE997CE72E28EFF6005B620D /* LectureReviewCellView.swift in Sources */ = {isa = PBXBuildFile; fileRef = CE997CE62E28EFF4005B620D /* LectureReviewCellView.swift */; };
		CE997CE92E28F3D1005B620D /* LectureRatingSheetView.swift in Sources */ = {isa = PBXBuildFile; fileRef = CE997CE82E28F3D0005B620D /* LectureRatingSheetView.swift */; };
		CEBBD1EF2E155A7D00B10CC4 /* UniFlowApp.swift in Sources */ = {isa = PBXBuildFile; fileRef = CEBBD1EE2E155A7D00B10CC4 /* UniFlowApp.swift */; };
		CEBBD1F12E155A7D00B10CC4 /* ContentView.swift in Sources */ = {isa = PBXBuildFile; fileRef = CEBBD1F02E155A7D00B10CC4 /* ContentView.swift */; };
		CEBBD1F32E155A8300B10CC4 /* Assets.xcassets in Resources */ = {isa = PBXBuildFile; fileRef = CEBBD1F22E155A8300B10CC4 /* Assets.xcassets */; };
		CEBBD1F62E155A8300B10CC4 /* Preview Assets.xcassets in Resources */ = {isa = PBXBuildFile; fileRef = CEBBD1F52E155A8300B10CC4 /* Preview Assets.xcassets */; };
		CEBBD2022E155B3A00B10CC4 /* Lesson.swift in Sources */ = {isa = PBXBuildFile; fileRef = CEBBD2012E155B3A00B10CC4 /* Lesson.swift */; };
		CEBBD2052E155B7D00B10CC4 /* Date+Utils.swift in Sources */ = {isa = PBXBuildFile; fileRef = CEBBD2042E155B7D00B10CC4 /* Date+Utils.swift */; };
		CEBBD2072E155B9B00B10CC4 /* ScheduleViewModel.swift in Sources */ = {isa = PBXBuildFile; fileRef = CEBBD2062E155B9B00B10CC4 /* ScheduleViewModel.swift */; };
		CEBBD2092E155BDD00B10CC4 /* LessonCardView.swift in Sources */ = {isa = PBXBuildFile; fileRef = CEBBD2082E155BDD00B10CC4 /* LessonCardView.swift */; };
		CEBBD20B2E155C9800B10CC4 /* WeekdaySelectorView.swift in Sources */ = {isa = PBXBuildFile; fileRef = CEBBD20A2E155C9800B10CC4 /* WeekdaySelectorView.swift */; };
		CEBBD20E2E155CD000B10CC4 /* ScheduleView.swift in Sources */ = {isa = PBXBuildFile; fileRef = CEBBD20D2E155CD000B10CC4 /* ScheduleView.swift */; };
		CEBBD2102E155E0D00B10CC4 /* MainTabView.swift in Sources */ = {isa = PBXBuildFile; fileRef = CEBBD20F2E155E0D00B10CC4 /* MainTabView.swift */; };
/* End PBXBuildFile section */

/* Begin PBXFileReference section */
		1FF0ECFF2E2906020082BA73 /* APIEndpoint.swift */ = {isa = PBXFileReference; lastKnownFileType = sourcecode.swift; path = APIEndpoint.swift; sourceTree = "<group>"; };
		1FF0EDBA2E2906960082BA73 /* NetworkError.swift */ = {isa = PBXFileReference; lastKnownFileType = sourcecode.swift; path = NetworkError.swift; sourceTree = "<group>"; };
		1FF0EDBC2E2906AA0082BA73 /* NetworkService.swift */ = {isa = PBXFileReference; lastKnownFileType = sourcecode.swift; path = NetworkService.swift; sourceTree = "<group>"; };
		1FF0EDBF2E2906E00082BA73 /* NetworkProtocol.swift */ = {isa = PBXFileReference; lastKnownFileType = sourcecode.swift; path = NetworkProtocol.swift; sourceTree = "<group>"; };
		1FF0EDC42E29363E0082BA73 /* Model.xcdatamodel */ = {isa = PBXFileReference; lastKnownFileType = wrapper.xcdatamodel; path = Model.xcdatamodel; sourceTree = "<group>"; };
		1FF0EDC72E2937F50082BA73 /* Event.swift */ = {isa = PBXFileReference; lastKnownFileType = sourcecode.swift; path = Event.swift; sourceTree = "<group>"; };
		1FF0EDCE2E2938EA0082BA73 /* MappingProtocol.swift */ = {isa = PBXFileReference; lastKnownFileType = sourcecode.swift; path = MappingProtocol.swift; sourceTree = "<group>"; };
		1FF0EDD02E2938F90082BA73 /* EventsMapping.swift */ = {isa = PBXFileReference; lastKnownFileType = sourcecode.swift; path = EventsMapping.swift; sourceTree = "<group>"; };
		1FF0EDD62E293A4B0082BA73 /* EventModel.swift */ = {isa = PBXFileReference; lastKnownFileType = sourcecode.swift; path = EventModel.swift; sourceTree = "<group>"; };
		1FF0EDDB2E294CDB0082BA73 /* ManagerProtocol.swift */ = {isa = PBXFileReference; lastKnownFileType = sourcecode.swift; path = ManagerProtocol.swift; sourceTree = "<group>"; };
		1FF0EDDD2E294D090082BA73 /* EventManager.swift */ = {isa = PBXFileReference; lastKnownFileType = sourcecode.swift; path = EventManager.swift; sourceTree = "<group>"; };
		1FF0EDE12E294E0A0082BA73 /* MappableProtocol.swift */ = {isa = PBXFileReference; lastKnownFileType = sourcecode.swift; path = MappableProtocol.swift; sourceTree = "<group>"; };
		CE997CDA2E28E8CC005B620D /* NotificationItem.swift */ = {isa = PBXFileReference; lastKnownFileType = sourcecode.swift; path = NotificationItem.swift; sourceTree = "<group>"; };
		CE997CDC2E28E8E3005B620D /* NotificationsViewModel.swift */ = {isa = PBXFileReference; lastKnownFileType = sourcecode.swift; path = NotificationsViewModel.swift; sourceTree = "<group>"; };
		CE997CDE2E28E8F2005B620D /* NotificationsView.swift */ = {isa = PBXFileReference; lastKnownFileType = sourcecode.swift; path = NotificationsView.swift; sourceTree = "<group>"; };
		CE997CE02E28E901005B620D /* NotificationCellView.swift */ = {isa = PBXFileReference; lastKnownFileType = sourcecode.swift; path = NotificationCellView.swift; sourceTree = "<group>"; };
		CE997CE62E28EFF4005B620D /* LectureReviewCellView.swift */ = {isa = PBXFileReference; lastKnownFileType = sourcecode.swift; path = LectureReviewCellView.swift; sourceTree = "<group>"; };
		CE997CE82E28F3D0005B620D /* LectureRatingSheetView.swift */ = {isa = PBXFileReference; lastKnownFileType = sourcecode.swift; path = LectureRatingSheetView.swift; sourceTree = "<group>"; };
		CEBBD1EB2E155A7D00B10CC4 /* UniFlow.app */ = {isa = PBXFileReference; explicitFileType = wrapper.application; includeInIndex = 0; path = UniFlow.app; sourceTree = BUILT_PRODUCTS_DIR; };
		CEBBD1EE2E155A7D00B10CC4 /* UniFlowApp.swift */ = {isa = PBXFileReference; lastKnownFileType = sourcecode.swift; path = UniFlowApp.swift; sourceTree = "<group>"; };
		CEBBD1F02E155A7D00B10CC4 /* ContentView.swift */ = {isa = PBXFileReference; lastKnownFileType = sourcecode.swift; path = ContentView.swift; sourceTree = "<group>"; };
		CEBBD1F22E155A8300B10CC4 /* Assets.xcassets */ = {isa = PBXFileReference; lastKnownFileType = folder.assetcatalog; path = Assets.xcassets; sourceTree = "<group>"; };
		CEBBD1F52E155A8300B10CC4 /* Preview Assets.xcassets */ = {isa = PBXFileReference; lastKnownFileType = folder.assetcatalog; path = "Preview Assets.xcassets"; sourceTree = "<group>"; };
		CEBBD2012E155B3A00B10CC4 /* Lesson.swift */ = {isa = PBXFileReference; lastKnownFileType = sourcecode.swift; path = Lesson.swift; sourceTree = "<group>"; };
		CEBBD2042E155B7D00B10CC4 /* Date+Utils.swift */ = {isa = PBXFileReference; lastKnownFileType = sourcecode.swift; path = "Date+Utils.swift"; sourceTree = "<group>"; };
		CEBBD2062E155B9B00B10CC4 /* ScheduleViewModel.swift */ = {isa = PBXFileReference; lastKnownFileType = sourcecode.swift; path = ScheduleViewModel.swift; sourceTree = "<group>"; };
		CEBBD2082E155BDD00B10CC4 /* LessonCardView.swift */ = {isa = PBXFileReference; lastKnownFileType = sourcecode.swift; path = LessonCardView.swift; sourceTree = "<group>"; };
		CEBBD20A2E155C9800B10CC4 /* WeekdaySelectorView.swift */ = {isa = PBXFileReference; lastKnownFileType = sourcecode.swift; path = WeekdaySelectorView.swift; sourceTree = "<group>"; };
		CEBBD20D2E155CD000B10CC4 /* ScheduleView.swift */ = {isa = PBXFileReference; lastKnownFileType = sourcecode.swift; path = ScheduleView.swift; sourceTree = "<group>"; };
		CEBBD20F2E155E0D00B10CC4 /* MainTabView.swift */ = {isa = PBXFileReference; lastKnownFileType = sourcecode.swift; path = MainTabView.swift; sourceTree = "<group>"; };
/* End PBXFileReference section */

/* Begin PBXFrameworksBuildPhase section */
		CEBBD1E82E155A7D00B10CC4 /* Frameworks */ = {
			isa = PBXFrameworksBuildPhase;
			buildActionMask = 2147483647;
			files = (
				1FF0EDD52E2939400082BA73 /* Alamofire in Frameworks */,
			);
			runOnlyForDeploymentPostprocessing = 0;
		};
/* End PBXFrameworksBuildPhase section */

/* Begin PBXGroup section */
		1FF0ECFE2E2905EB0082BA73 /* NetworkService */ = {
			isa = PBXGroup;
			children = (
				1FF0EDBE2E2906CC0082BA73 /* Protocol */,
				1FF0ECFF2E2906020082BA73 /* APIEndpoint.swift */,
				1FF0EDBA2E2906960082BA73 /* NetworkError.swift */,
				1FF0EDBC2E2906AA0082BA73 /* NetworkService.swift */,
			);
			path = NetworkService;
			sourceTree = "<group>";
		};
		1FF0EDBE2E2906CC0082BA73 /* Protocol */ = {
			isa = PBXGroup;
			children = (
				1FF0EDBF2E2906E00082BA73 /* NetworkProtocol.swift */,
			);
			path = Protocol;
			sourceTree = "<group>";
		};
		1FF0EDC12E29361F0082BA73 /* CoreDataManager */ = {
			isa = PBXGroup;
			children = (
				1FF0EDD82E294CB80082BA73 /* Managers */,
				1FF0EDC22E2936280082BA73 /* CoreDataModel */,
				1FF0EDCA2E2938070082BA73 /* Entities */,
			);
			path = CoreDataManager;
			sourceTree = "<group>";
		};
		1FF0EDC22E2936280082BA73 /* CoreDataModel */ = {
			isa = PBXGroup;
			children = (
				1FF0EDC32E29363E0082BA73 /* Model.xcdatamodeld */,
			);
			path = CoreDataModel;
			sourceTree = "<group>";
		};
		1FF0EDCA2E2938070082BA73 /* Entities */ = {
			isa = PBXGroup;
			children = (
				1FF0EDC72E2937F50082BA73 /* Event.swift */,
			);
			path = Entities;
			sourceTree = "<group>";
		};
		1FF0EDCB2E2938AB0082BA73 /* MappingService */ = {
			isa = PBXGroup;
			children = (
				1FF0EDCD2E2938D20082BA73 /* Mapping */,
				1FF0EDCC2E2938C80082BA73 /* Protocol */,
				CEBBD1FC2E155A9100B10CC4 /* DtoModels */,
			);
			path = MappingService;
			sourceTree = "<group>";
		};
		1FF0EDCC2E2938C80082BA73 /* Protocol */ = {
			isa = PBXGroup;
			children = (
				1FF0EDCE2E2938EA0082BA73 /* MappingProtocol.swift */,
				1FF0EDE12E294E0A0082BA73 /* MappableProtocol.swift */,
			);
			path = Protocol;
			sourceTree = "<group>";
		};
		1FF0EDCD2E2938D20082BA73 /* Mapping */ = {
			isa = PBXGroup;
			children = (
				1FF0EDD02E2938F90082BA73 /* EventsMapping.swift */,
			);
			path = Mapping;
			sourceTree = "<group>";
		};
		1FF0EDD22E2939000082BA73 /* Services */ = {
			isa = PBXGroup;
			children = (
				1FF0EDCB2E2938AB0082BA73 /* MappingService */,
				1FF0ECFE2E2905EB0082BA73 /* NetworkService */,
			);
			path = Services;
			sourceTree = "<group>";
		};
		1FF0EDD82E294CB80082BA73 /* Managers */ = {
			isa = PBXGroup;
			children = (
				1FF0EDD92E294CC90082BA73 /* Protocol */,
				1FF0EDDD2E294D090082BA73 /* EventManager.swift */,
			);
			path = Managers;
			sourceTree = "<group>";
		};
		1FF0EDD92E294CC90082BA73 /* Protocol */ = {
			isa = PBXGroup;
			children = (
				1FF0EDDB2E294CDB0082BA73 /* ManagerProtocol.swift */,
			);
			path = Protocol;
			sourceTree = "<group>";
		};
		CEBBD1E22E155A7D00B10CC4 = {
			isa = PBXGroup;
			children = (
				CEBBD1ED2E155A7D00B10CC4 /* UniFlow */,
				CEBBD1EC2E155A7D00B10CC4 /* Products */,
			);
			sourceTree = "<group>";
		};
		CEBBD1EC2E155A7D00B10CC4 /* Products */ = {
			isa = PBXGroup;
			children = (
				CEBBD1EB2E155A7D00B10CC4 /* UniFlow.app */,
			);
			name = Products;
			sourceTree = "<group>";
		};
		CEBBD1ED2E155A7D00B10CC4 /* UniFlow */ = {
			isa = PBXGroup;
			children = (
				1FF0EDC12E29361F0082BA73 /* CoreDataManager */,
				CEBBD2002E155B1800B10CC4 /* Resources */,
				CEBBD1FF2E155B1100B10CC4 /* Components */,
				CEBBD1FE2E155B0600B10CC4 /* Views */,
				CEBBD1FD2E155AA200B10CC4 /* ViewModels */,
				1FF0EDD22E2939000082BA73 /* Services */,
				CEBBD1EE2E155A7D00B10CC4 /* UniFlowApp.swift */,
				CEBBD1F02E155A7D00B10CC4 /* ContentView.swift */,
				CEBBD1F22E155A8300B10CC4 /* Assets.xcassets */,
				CEBBD1F42E155A8300B10CC4 /* Preview Content */,
			);
			path = UniFlow;
			sourceTree = "<group>";
		};
		CEBBD1F42E155A8300B10CC4 /* Preview Content */ = {
			isa = PBXGroup;
			children = (
				CEBBD1F52E155A8300B10CC4 /* Preview Assets.xcassets */,
			);
			path = "Preview Content";
			sourceTree = "<group>";
		};
		CEBBD1FC2E155A9100B10CC4 /* DtoModels */ = {
			isa = PBXGroup;
			children = (
				CE997CDA2E28E8CC005B620D /* NotificationItem.swift */,
				CEBBD2012E155B3A00B10CC4 /* Lesson.swift */,
				1FF0EDD62E293A4B0082BA73 /* EventModel.swift */,
			);
			path = DtoModels;
			sourceTree = "<group>";
		};
		CEBBD1FD2E155AA200B10CC4 /* ViewModels */ = {
			isa = PBXGroup;
			children = (
				CE997CDC2E28E8E3005B620D /* NotificationsViewModel.swift */,
				CEBBD2062E155B9B00B10CC4 /* ScheduleViewModel.swift */,
			);
			path = ViewModels;
			sourceTree = "<group>";
		};
		CEBBD1FE2E155B0600B10CC4 /* Views */ = {
			isa = PBXGroup;
			children = (
				CE997CE82E28F3D0005B620D /* LectureRatingSheetView.swift */,
				CE997CE62E28EFF4005B620D /* LectureReviewCellView.swift */,
				CE997CE02E28E901005B620D /* NotificationCellView.swift */,
				CE997CDE2E28E8F2005B620D /* NotificationsView.swift */,
				CEBBD20D2E155CD000B10CC4 /* ScheduleView.swift */,
				CEBBD20F2E155E0D00B10CC4 /* MainTabView.swift */,
			);
			path = Views;
			sourceTree = "<group>";
		};
		CEBBD1FF2E155B1100B10CC4 /* Components */ = {
			isa = PBXGroup;
			children = (
				CEBBD2082E155BDD00B10CC4 /* LessonCardView.swift */,
				CEBBD20A2E155C9800B10CC4 /* WeekdaySelectorView.swift */,
			);
			path = Components;
			sourceTree = "<group>";
		};
		CEBBD2002E155B1800B10CC4 /* Resources */ = {
			isa = PBXGroup;
			children = (
				CEBBD2032E155B6400B10CC4 /* Extensions */,
			);
			path = Resources;
			sourceTree = "<group>";
		};
		CEBBD2032E155B6400B10CC4 /* Extensions */ = {
			isa = PBXGroup;
			children = (
				CEBBD2042E155B7D00B10CC4 /* Date+Utils.swift */,
			);
			path = Extensions;
			sourceTree = "<group>";
		};
/* End PBXGroup section */

/* Begin PBXNativeTarget section */
		CEBBD1EA2E155A7D00B10CC4 /* UniFlow */ = {
			isa = PBXNativeTarget;
			buildConfigurationList = CEBBD1F92E155A8300B10CC4 /* Build configuration list for PBXNativeTarget "UniFlow" */;
			buildPhases = (
				CEBBD1E72E155A7D00B10CC4 /* Sources */,
				CEBBD1E82E155A7D00B10CC4 /* Frameworks */,
				CEBBD1E92E155A7D00B10CC4 /* Resources */,
			);
			buildRules = (
			);
			dependencies = (
			);
			name = UniFlow;
			productName = UniFlow;
			productReference = CEBBD1EB2E155A7D00B10CC4 /* UniFlow.app */;
			productType = "com.apple.product-type.application";
		};
/* End PBXNativeTarget section */

/* Begin PBXProject section */
		CEBBD1E32E155A7D00B10CC4 /* Project object */ = {
			isa = PBXProject;
			attributes = {
				BuildIndependentTargetsInParallel = 1;
				LastSwiftUpdateCheck = 1520;
				LastUpgradeCheck = 1520;
				TargetAttributes = {
					CEBBD1EA2E155A7D00B10CC4 = {
						CreatedOnToolsVersion = 15.2;
					};
				};
			};
			buildConfigurationList = CEBBD1E62E155A7D00B10CC4 /* Build configuration list for PBXProject "UniFlow" */;
			compatibilityVersion = "Xcode 14.0";
			developmentRegion = en;
			hasScannedForEncodings = 0;
			knownRegions = (
				en,
				Base,
			);
			mainGroup = CEBBD1E22E155A7D00B10CC4;
			packageReferences = (
				1FF0EDD32E2939400082BA73 /* XCRemoteSwiftPackageReference "Alamofire" */,
			);
			productRefGroup = CEBBD1EC2E155A7D00B10CC4 /* Products */;
			projectDirPath = "";
			projectRoot = "";
			targets = (
				CEBBD1EA2E155A7D00B10CC4 /* UniFlow */,
			);
		};
/* End PBXProject section */

/* Begin PBXResourcesBuildPhase section */
		CEBBD1E92E155A7D00B10CC4 /* Resources */ = {
			isa = PBXResourcesBuildPhase;
			buildActionMask = 2147483647;
			files = (
				CEBBD1F62E155A8300B10CC4 /* Preview Assets.xcassets in Resources */,
				CEBBD1F32E155A8300B10CC4 /* Assets.xcassets in Resources */,
			);
			runOnlyForDeploymentPostprocessing = 0;
		};
/* End PBXResourcesBuildPhase section */

/* Begin PBXSourcesBuildPhase section */
		CEBBD1E72E155A7D00B10CC4 /* Sources */ = {
			isa = PBXSourcesBuildPhase;
			buildActionMask = 2147483647;
			files = (
				1FF0EDE22E294E0A0082BA73 /* MappableProtocol.swift in Sources */,
				1FF0EDBB2E2906960082BA73 /* NetworkError.swift in Sources */,
				CEBBD20B2E155C9800B10CC4 /* WeekdaySelectorView.swift in Sources */,
				CEBBD2022E155B3A00B10CC4 /* Lesson.swift in Sources */,
				CEBBD2102E155E0D00B10CC4 /* MainTabView.swift in Sources */,
				1FF0EDC52E29363E0082BA73 /* Model.xcdatamodeld in Sources */,
				1FF0EDDC2E294CDB0082BA73 /* ManagerProtocol.swift in Sources */,
				1FF0EDBD2E2906AA0082BA73 /* NetworkService.swift in Sources */,
				CEBBD2052E155B7D00B10CC4 /* Date+Utils.swift in Sources */,
				1FF0EDC02E2906E00082BA73 /* NetworkProtocol.swift in Sources */,
				CEBBD1F12E155A7D00B10CC4 /* ContentView.swift in Sources */,
				CE997CDD2E28E8E5005B620D /* NotificationsViewModel.swift in Sources */,
				1FF0EDCF2E2938EA0082BA73 /* MappingProtocol.swift in Sources */,
				1FF0EDDE2E294D090082BA73 /* EventManager.swift in Sources */,
				CEBBD2072E155B9B00B10CC4 /* ScheduleViewModel.swift in Sources */,
				1FF0EDD72E293A4B0082BA73 /* EventModel.swift in Sources */,
				1FF0ED002E2906020082BA73 /* APIEndpoint.swift in Sources */,
				CE997CE72E28EFF6005B620D /* LectureReviewCellView.swift in Sources */,
				1FF0EDC92E2937F50082BA73 /* Event.swift in Sources */,
				CEBBD20E2E155CD000B10CC4 /* ScheduleView.swift in Sources */,
				1FF0EDD12E2938F90082BA73 /* EventsMapping.swift in Sources */,
				CE997CDB2E28E8D2005B620D /* NotificationItem.swift in Sources */,
				CE997CE92E28F3D1005B620D /* LectureRatingSheetView.swift in Sources */,
				CEBBD2092E155BDD00B10CC4 /* LessonCardView.swift in Sources */,
				CEBBD1EF2E155A7D00B10CC4 /* UniFlowApp.swift in Sources */,
				CE997CE12E28E90F005B620D /* NotificationCellView.swift in Sources */,
				CE997CDF2E28E8F3005B620D /* NotificationsView.swift in Sources */,
			);
			runOnlyForDeploymentPostprocessing = 0;
		};
/* End PBXSourcesBuildPhase section */

/* Begin XCBuildConfiguration section */
		CEBBD1F72E155A8300B10CC4 /* Debug */ = {
			isa = XCBuildConfiguration;
			buildSettings = {
				ALWAYS_SEARCH_USER_PATHS = NO;
				ASSETCATALOG_COMPILER_GENERATE_SWIFT_ASSET_SYMBOL_EXTENSIONS = YES;
				CLANG_ANALYZER_NONNULL = YES;
				CLANG_ANALYZER_NUMBER_OBJECT_CONVERSION = YES_AGGRESSIVE;
				CLANG_CXX_LANGUAGE_STANDARD = "gnu++20";
				CLANG_ENABLE_MODULES = YES;
				CLANG_ENABLE_OBJC_ARC = YES;
				CLANG_ENABLE_OBJC_WEAK = YES;
				CLANG_WARN_BLOCK_CAPTURE_AUTORELEASING = YES;
				CLANG_WARN_BOOL_CONVERSION = YES;
				CLANG_WARN_COMMA = YES;
				CLANG_WARN_CONSTANT_CONVERSION = YES;
				CLANG_WARN_DEPRECATED_OBJC_IMPLEMENTATIONS = YES;
				CLANG_WARN_DIRECT_OBJC_ISA_USAGE = YES_ERROR;
				CLANG_WARN_DOCUMENTATION_COMMENTS = YES;
				CLANG_WARN_EMPTY_BODY = YES;
				CLANG_WARN_ENUM_CONVERSION = YES;
				CLANG_WARN_INFINITE_RECURSION = YES;
				CLANG_WARN_INT_CONVERSION = YES;
				CLANG_WARN_NON_LITERAL_NULL_CONVERSION = YES;
				CLANG_WARN_OBJC_IMPLICIT_RETAIN_SELF = YES;
				CLANG_WARN_OBJC_LITERAL_CONVERSION = YES;
				CLANG_WARN_OBJC_ROOT_CLASS = YES_ERROR;
				CLANG_WARN_QUOTED_INCLUDE_IN_FRAMEWORK_HEADER = YES;
				CLANG_WARN_RANGE_LOOP_ANALYSIS = YES;
				CLANG_WARN_STRICT_PROTOTYPES = YES;
				CLANG_WARN_SUSPICIOUS_MOVE = YES;
				CLANG_WARN_UNGUARDED_AVAILABILITY = YES_AGGRESSIVE;
				CLANG_WARN_UNREACHABLE_CODE = YES;
				CLANG_WARN__DUPLICATE_METHOD_MATCH = YES;
				COPY_PHASE_STRIP = NO;
				DEBUG_INFORMATION_FORMAT = dwarf;
				ENABLE_STRICT_OBJC_MSGSEND = YES;
				ENABLE_TESTABILITY = YES;
				ENABLE_USER_SCRIPT_SANDBOXING = YES;
				GCC_C_LANGUAGE_STANDARD = gnu17;
				GCC_DYNAMIC_NO_PIC = NO;
				GCC_NO_COMMON_BLOCKS = YES;
				GCC_OPTIMIZATION_LEVEL = 0;
				GCC_PREPROCESSOR_DEFINITIONS = (
					"DEBUG=1",
					"$(inherited)",
				);
				GCC_WARN_64_TO_32_BIT_CONVERSION = YES;
				GCC_WARN_ABOUT_RETURN_TYPE = YES_ERROR;
				GCC_WARN_UNDECLARED_SELECTOR = YES;
				GCC_WARN_UNINITIALIZED_AUTOS = YES_AGGRESSIVE;
				GCC_WARN_UNUSED_FUNCTION = YES;
				GCC_WARN_UNUSED_VARIABLE = YES;
				IPHONEOS_DEPLOYMENT_TARGET = 17.2;
				LOCALIZATION_PREFERS_STRING_CATALOGS = YES;
				MTL_ENABLE_DEBUG_INFO = INCLUDE_SOURCE;
				MTL_FAST_MATH = YES;
				ONLY_ACTIVE_ARCH = YES;
				SDKROOT = iphoneos;
				SWIFT_ACTIVE_COMPILATION_CONDITIONS = "DEBUG $(inherited)";
				SWIFT_OPTIMIZATION_LEVEL = "-Onone";
			};
			name = Debug;
		};
		CEBBD1F82E155A8300B10CC4 /* Release */ = {
			isa = XCBuildConfiguration;
			buildSettings = {
				ALWAYS_SEARCH_USER_PATHS = NO;
				ASSETCATALOG_COMPILER_GENERATE_SWIFT_ASSET_SYMBOL_EXTENSIONS = YES;
				CLANG_ANALYZER_NONNULL = YES;
				CLANG_ANALYZER_NUMBER_OBJECT_CONVERSION = YES_AGGRESSIVE;
				CLANG_CXX_LANGUAGE_STANDARD = "gnu++20";
				CLANG_ENABLE_MODULES = YES;
				CLANG_ENABLE_OBJC_ARC = YES;
				CLANG_ENABLE_OBJC_WEAK = YES;
				CLANG_WARN_BLOCK_CAPTURE_AUTORELEASING = YES;
				CLANG_WARN_BOOL_CONVERSION = YES;
				CLANG_WARN_COMMA = YES;
				CLANG_WARN_CONSTANT_CONVERSION = YES;
				CLANG_WARN_DEPRECATED_OBJC_IMPLEMENTATIONS = YES;
				CLANG_WARN_DIRECT_OBJC_ISA_USAGE = YES_ERROR;
				CLANG_WARN_DOCUMENTATION_COMMENTS = YES;
				CLANG_WARN_EMPTY_BODY = YES;
				CLANG_WARN_ENUM_CONVERSION = YES;
				CLANG_WARN_INFINITE_RECURSION = YES;
				CLANG_WARN_INT_CONVERSION = YES;
				CLANG_WARN_NON_LITERAL_NULL_CONVERSION = YES;
				CLANG_WARN_OBJC_IMPLICIT_RETAIN_SELF = YES;
				CLANG_WARN_OBJC_LITERAL_CONVERSION = YES;
				CLANG_WARN_OBJC_ROOT_CLASS = YES_ERROR;
				CLANG_WARN_QUOTED_INCLUDE_IN_FRAMEWORK_HEADER = YES;
				CLANG_WARN_RANGE_LOOP_ANALYSIS = YES;
				CLANG_WARN_STRICT_PROTOTYPES = YES;
				CLANG_WARN_SUSPICIOUS_MOVE = YES;
				CLANG_WARN_UNGUARDED_AVAILABILITY = YES_AGGRESSIVE;
				CLANG_WARN_UNREACHABLE_CODE = YES;
				CLANG_WARN__DUPLICATE_METHOD_MATCH = YES;
				COPY_PHASE_STRIP = NO;
				DEBUG_INFORMATION_FORMAT = "dwarf-with-dsym";
				ENABLE_NS_ASSERTIONS = NO;
				ENABLE_STRICT_OBJC_MSGSEND = YES;
				ENABLE_USER_SCRIPT_SANDBOXING = YES;
				GCC_C_LANGUAGE_STANDARD = gnu17;
				GCC_NO_COMMON_BLOCKS = YES;
				GCC_WARN_64_TO_32_BIT_CONVERSION = YES;
				GCC_WARN_ABOUT_RETURN_TYPE = YES_ERROR;
				GCC_WARN_UNDECLARED_SELECTOR = YES;
				GCC_WARN_UNINITIALIZED_AUTOS = YES_AGGRESSIVE;
				GCC_WARN_UNUSED_FUNCTION = YES;
				GCC_WARN_UNUSED_VARIABLE = YES;
				IPHONEOS_DEPLOYMENT_TARGET = 17.2;
				LOCALIZATION_PREFERS_STRING_CATALOGS = YES;
				MTL_ENABLE_DEBUG_INFO = NO;
				MTL_FAST_MATH = YES;
				SDKROOT = iphoneos;
				SWIFT_COMPILATION_MODE = wholemodule;
				VALIDATE_PRODUCT = YES;
			};
			name = Release;
		};
		CEBBD1FA2E155A8300B10CC4 /* Debug */ = {
			isa = XCBuildConfiguration;
			buildSettings = {
				ASSETCATALOG_COMPILER_APPICON_NAME = AppIcon;
				ASSETCATALOG_COMPILER_GLOBAL_ACCENT_COLOR_NAME = AccentColor;
				CODE_SIGN_STYLE = Automatic;
				CURRENT_PROJECT_VERSION = 1;
				DEVELOPMENT_ASSET_PATHS = "\"UniFlow/Preview Content\"";
				ENABLE_PREVIEWS = YES;
				GENERATE_INFOPLIST_FILE = YES;
				INFOPLIST_KEY_UIApplicationSceneManifest_Generation = YES;
				INFOPLIST_KEY_UIApplicationSupportsIndirectInputEvents = YES;
				INFOPLIST_KEY_UILaunchScreen_Generation = YES;
				INFOPLIST_KEY_UISupportedInterfaceOrientations_iPad = "UIInterfaceOrientationPortrait UIInterfaceOrientationPortraitUpsideDown UIInterfaceOrientationLandscapeLeft UIInterfaceOrientationLandscapeRight";
				INFOPLIST_KEY_UISupportedInterfaceOrientations_iPhone = "UIInterfaceOrientationPortrait UIInterfaceOrientationLandscapeLeft UIInterfaceOrientationLandscapeRight";
				LD_RUNPATH_SEARCH_PATHS = (
					"$(inherited)",
					"@executable_path/Frameworks",
				);
				MARKETING_VERSION = 1.0;
				PRODUCT_BUNDLE_IDENTIFIER = com.aliya.UniFlow;
				PRODUCT_NAME = "$(TARGET_NAME)";
				SWIFT_EMIT_LOC_STRINGS = YES;
				SWIFT_VERSION = 5.0;
				TARGETED_DEVICE_FAMILY = "1,2";
			};
			name = Debug;
		};
		CEBBD1FB2E155A8300B10CC4 /* Release */ = {
			isa = XCBuildConfiguration;
			buildSettings = {
				ASSETCATALOG_COMPILER_APPICON_NAME = AppIcon;
				ASSETCATALOG_COMPILER_GLOBAL_ACCENT_COLOR_NAME = AccentColor;
				CODE_SIGN_STYLE = Automatic;
				CURRENT_PROJECT_VERSION = 1;
				DEVELOPMENT_ASSET_PATHS = "\"UniFlow/Preview Content\"";
				ENABLE_PREVIEWS = YES;
				GENERATE_INFOPLIST_FILE = YES;
				INFOPLIST_KEY_UIApplicationSceneManifest_Generation = YES;
				INFOPLIST_KEY_UIApplicationSupportsIndirectInputEvents = YES;
				INFOPLIST_KEY_UILaunchScreen_Generation = YES;
				INFOPLIST_KEY_UISupportedInterfaceOrientations_iPad = "UIInterfaceOrientationPortrait UIInterfaceOrientationPortraitUpsideDown UIInterfaceOrientationLandscapeLeft UIInterfaceOrientationLandscapeRight";
				INFOPLIST_KEY_UISupportedInterfaceOrientations_iPhone = "UIInterfaceOrientationPortrait UIInterfaceOrientationLandscapeLeft UIInterfaceOrientationLandscapeRight";
				LD_RUNPATH_SEARCH_PATHS = (
					"$(inherited)",
					"@executable_path/Frameworks",
				);
				MARKETING_VERSION = 1.0;
				PRODUCT_BUNDLE_IDENTIFIER = com.aliya.UniFlow;
				PRODUCT_NAME = "$(TARGET_NAME)";
				SWIFT_EMIT_LOC_STRINGS = YES;
				SWIFT_VERSION = 5.0;
				TARGETED_DEVICE_FAMILY = "1,2";
			};
			name = Release;
		};
/* End XCBuildConfiguration section */

/* Begin XCConfigurationList section */
		CEBBD1E62E155A7D00B10CC4 /* Build configuration list for PBXProject "UniFlow" */ = {
			isa = XCConfigurationList;
			buildConfigurations = (
				CEBBD1F72E155A8300B10CC4 /* Debug */,
				CEBBD1F82E155A8300B10CC4 /* Release */,
			);
			defaultConfigurationIsVisible = 0;
			defaultConfigurationName = Release;
		};
		CEBBD1F92E155A8300B10CC4 /* Build configuration list for PBXNativeTarget "UniFlow" */ = {
			isa = XCConfigurationList;
			buildConfigurations = (
				CEBBD1FA2E155A8300B10CC4 /* Debug */,
				CEBBD1FB2E155A8300B10CC4 /* Release */,
			);
			defaultConfigurationIsVisible = 0;
			defaultConfigurationName = Release;
		};
/* End XCConfigurationList section */

/* Begin XCRemoteSwiftPackageReference section */
		1FF0EDD32E2939400082BA73 /* XCRemoteSwiftPackageReference "Alamofire" */ = {
			isa = XCRemoteSwiftPackageReference;
			repositoryURL = "https://github.com/Alamofire/Alamofire.git";
			requirement = {
				kind = upToNextMajorVersion;
				minimumVersion = 5.10.2;
			};
		};
/* End XCRemoteSwiftPackageReference section */

/* Begin XCSwiftPackageProductDependency section */
		1FF0EDD42E2939400082BA73 /* Alamofire */ = {
			isa = XCSwiftPackageProductDependency;
			package = 1FF0EDD32E2939400082BA73 /* XCRemoteSwiftPackageReference "Alamofire" */;
			productName = Alamofire;
		};
/* End XCSwiftPackageProductDependency section */

/* Begin XCVersionGroup section */
		1FF0EDC32E29363E0082BA73 /* Model.xcdatamodeld */ = {
			isa = XCVersionGroup;
			children = (
				1FF0EDC42E29363E0082BA73 /* Model.xcdatamodel */,
			);
			currentVersion = 1FF0EDC42E29363E0082BA73 /* Model.xcdatamodel */;
			path = Model.xcdatamodeld;
			sourceTree = "<group>";
			versionGroupType = wrapper.xcdatamodel;
		};
/* End XCVersionGroup section */
	};
	rootObject = CEBBD1E32E155A7D00B10CC4 /* Project object */;
}
